{
  "name": "lambda-authorizer",
  "lockfileVersion": 3,
  "requires": true,
  "packages": {
    "": {
      "dependencies": {
        "aws-jwt-verify": "^4.0.0",
        "index": "^0.4.0"
      }
    },
    "node_modules/aws-jwt-verify": {
      "version": "4.0.0",
      "resolved": "https://registry.npmjs.org/aws-jwt-verify/-/aws-jwt-verify-4.0.0.tgz",
      "integrity": "sha512-1kCv+Ub3jBaQ6HnIjfAXswjp7xD0LO4GxwbQZ/o9IoJpb8/ZBUhHu5GQ4k2O7jOVTS/KOz86uw4NV71V3s6V3g==",
      "engines": {
        "node": ">=14.0.0"
      }
    },
    "node_modules/index": {
      "version": "0.4.0",
      "resolved": "https://registry.npmjs.org/index/-/index-0.4.0.tgz",
      "integrity": "sha512-48AIN2XNXFXDb7muQD+4RZvXSy862VkXu5vkLh2zjikLOBWjI68OBUaRxt8ng1tolPlK9vrwMP/5th0VY53oNg==",
      "dependencies": {
        "step": ">= 0.0.4"
      },
      "engines": {
        "node": "*"
      }
    },
    "node_modules/step": {
      "version": "1.0.0",
      "resolved": "https://registry.npmjs.org/step/-/step-1.0.0.tgz",
      "integrity": "sha512-sqFPUYBKa+XDdUz76UbHwUYP9eJ4i4aj/pm+4GkF1UQs5CcIdifZsGpyO3FASFv/ET2DtWLcrL8KfhjWwwwkfg=="
    }
  }
}
